
Microsoft Visual Studio Solution File, Format Version 12.00
# Visual Studio Version 17
VisualStudioVersion = 17.11.35222.181
MinimumVisualStudioVersion = 10.0.40219.1
Project("{FAE04EC0-301F-11D3-BF4B-00C04F79EFBC}") = "PRN212_Project_Team9", "PRN212_Project_Team9\PRN212_Project_Team9.csproj", "{F808D7BC-0C5B-41DC-B76A-65FF01BF28D4}"
EndProject
Global
	GlobalSection(SolutionConfigurationPlatforms) = preSolution
		Debug|Any CPU = Debug|Any CPU
		Release|Any CPU = Release|Any CPU
	EndGlobalSection
	GlobalSection(ProjectConfigurationPlatforms) = postSolution
		{F808D7BC-0C5B-41DC-B76A-65FF01BF28D4}.Debug|Any CPU.ActiveCfg = Debug|Any CPU
		{F808D7BC-0C5B-41DC-B76A-65FF01BF28D4}.Debug|Any CPU.Build.0 = Debug|Any CPU
		{F808D7BC-0C5B-41DC-B76A-65FF01BF28D4}.Release|Any CPU.ActiveCfg = Release|Any CPU
		{F808D7BC-0C5B-41DC-B76A-65FF01BF28D4}.Release|Any CPU.Build.0 = Release|Any CPU
	EndGlobalSection
	GlobalSection(SolutionProperties) = preSolution
		HideSolutionNode = FALSE
	EndGlobalSection
	GlobalSection(ExtensibilityGlobals) = postSolution
		SolutionGuid = {D1DF1DE4-3156-4D07-AF0B-6B0366E83AB1}
	EndGlobalSection
EndGlobal
